
Microsoft Visual Studio Solution File, Format Version 12.00
# Visual Studio Version 17
VisualStudioVersion = 17.5.002.0
MinimumVisualStudioVersion = 10.0.40219.1
Project("{2150E333-8FDC-42A3-9474-1A3956D46DE8}") = "prepare", "prepare", "{676005EA-605A-4644-B9B4-BAE172717E68}"
EndProject
Project("{9A19103F-16F7-4668-BE54-9A1E7A4F7556}") = "Learning02", "prepare\Learning02\Learning02.csproj", "{3C57DB75-59AB-469C-B17C-36E8E6EFE082}"
EndProject
Project("{9A19103F-16F7-4668-BE54-9A1E7A4F7556}") = "Learning05", "prepare\Learning05\Learning05.csproj", "{7504C3C8-E74C-4BD4-9FDD-ACC1D47556AF}"
EndProject
Project("{9A19103F-16F7-4668-BE54-9A1E7A4F7556}") = "Learning04", "prepare\Learning04\Learning04.csproj", "{5280BB91-EECE-48C6-9D96-0E1E3CD38906}"
EndProject
Project("{9A19103F-16F7-4668-BE54-9A1E7A4F7556}") = "Learning03", "prepare\Learning03\Learning03.csproj", "{A276E36A-FE35-49D4-B2E4-186D883E5CD1}"
EndProject
Project("{2150E333-8FDC-42A3-9474-1A3956D46DE8}") = "prove", "prove", "{82D69658-2159-4ABE-AF41-5D83B8FF63D6}"
EndProject
Project("{9A19103F-16F7-4668-BE54-9A1E7A4F7556}") = "Develop03", "prove\Develop03\Develop03.csproj", "{53B72361-FF56-4AE3-9C61-A1AAF7CEE14D}"
EndProject
Project("{9A19103F-16F7-4668-BE54-9A1E7A4F7556}") = "Develop04", "prove\Develop04\Develop04.csproj", "{BD72CBC5-53E5-4B8D-BF59-8542EC1B43D0}"
EndProject
Project("{9A19103F-16F7-4668-BE54-9A1E7A4F7556}") = "Develop05", "prove\Develop05\Develop05.csproj", "{3FE6D9DC-0F26-4D1D-9462-EB13094E721D}"
EndProject
Project("{9A19103F-16F7-4668-BE54-9A1E7A4F7556}") = "Develop02", "prove\Develop02\Develop02.csproj", "{DC0D9115-0057-4F96-AEA9-A7EB02B3610C}"
EndProject
Project("{2150E333-8FDC-42A3-9474-1A3956D46DE8}") = "sandbox", "sandbox", "{BD616F73-AE41-47CE-9AD1-319F8DB610AC}"
EndProject
Project("{9A19103F-16F7-4668-BE54-9A1E7A4F7556}") = "Sandbox", "sandbox\Sandbox\Sandbox.csproj", "{A3E40B70-04B7-4968-B839-FD6A828D8D2F}"
EndProject
Project("{2150E333-8FDC-42A3-9474-1A3956D46DE8}") = "final", "final", "{B24F8DA2-B9C9-423A-83F8-77DB3169AE4A}"
EndProject
Project("{9A19103F-16F7-4668-BE54-9A1E7A4F7556}") = "FinalProject", "final\FinalProject\FinalProject.csproj", "{10DC6F62-D625-499A-95B6-6EF69015945C}"
EndProject
Project("{9A19103F-16F7-4668-BE54-9A1E7A4F7556}") = "Foundation1", "final\Foundation1\Foundation1.csproj", "{20C603C4-BFE1-4620-92D9-21F5C4D2D7EC}"
EndProject
Project("{9A19103F-16F7-4668-BE54-9A1E7A4F7556}") = "Foundation4", "final\Foundation4\Foundation4.csproj", "{2B42B0E4-50E0-4CB4-8E18-BC97D9E18488}"
EndProject
Project("{9A19103F-16F7-4668-BE54-9A1E7A4F7556}") = "Foundation3", "final\Foundation3\Foundation3.csproj", "{330D880E-5118-480A-9C7D-21F85F3087C8}"
EndProject
Project("{9A19103F-16F7-4668-BE54-9A1E7A4F7556}") = "Foundation2", "final\Foundation2\Foundation2.csproj", "{9CA98640-0B54-464C-B116-5C8CDC566557}"
EndProject
Project("{2150E333-8FDC-42A3-9474-1A3956D46DE8}") = "csharp-prep", "csharp-prep", "{2ED70534-F1AB-4378-83C8-ACA3465D623D}"
EndProject
Project("{9A19103F-16F7-4668-BE54-9A1E7A4F7556}") = "Prep1", "csharp-prep\Prep1\Prep1.csproj", "{3EFF662C-8BFF-4594-9A3B-3CBBFD368D2D}"
EndProject
Project("{9A19103F-16F7-4668-BE54-9A1E7A4F7556}") = "Prep5", "csharp-prep\Prep5\Prep5.csproj", "{2E21580F-62C0-4876-9E07-14DBA9AB0A65}"
EndProject
Project("{9A19103F-16F7-4668-BE54-9A1E7A4F7556}") = "Prep2", "csharp-prep\Prep2\Prep2.csproj", "{F714C7DF-0491-492A-BC5B-105FC869F008}"
EndProject
Project("{9A19103F-16F7-4668-BE54-9A1E7A4F7556}") = "Prep3", "csharp-prep\Prep3\Prep3.csproj", "{0E017503-86ED-4F84-8504-D5859E1CE90F}"
EndProject
Project("{9A19103F-16F7-4668-BE54-9A1E7A4F7556}") = "Prep4", "csharp-prep\Prep4\Prep4.csproj", "{05E5202C-B3B9-4AC6-B29B-16FE4DE33D41}"
EndProject
Global
	GlobalSection(SolutionConfigurationPlatforms) = preSolution
		Debug|Any CPU = Debug|Any CPU
		Release|Any CPU = Release|Any CPU
	EndGlobalSection
	GlobalSection(ProjectConfigurationPlatforms) = postSolution
		{3C57DB75-59AB-469C-B17C-36E8E6EFE082}.Debug|Any CPU.ActiveCfg = Debug|Any CPU
		{3C57DB75-59AB-469C-B17C-36E8E6EFE082}.Debug|Any CPU.Build.0 = Debug|Any CPU
		{3C57DB75-59AB-469C-B17C-36E8E6EFE082}.Release|Any CPU.ActiveCfg = Release|Any CPU
		{3C57DB75-59AB-469C-B17C-36E8E6EFE082}.Release|Any CPU.Build.0 = Release|Any CPU
		{7504C3C8-E74C-4BD4-9FDD-ACC1D47556AF}.Debug|Any CPU.ActiveCfg = Debug|Any CPU
		{7504C3C8-E74C-4BD4-9FDD-ACC1D47556AF}.Debug|Any CPU.Build.0 = Debug|Any CPU
		{7504C3C8-E74C-4BD4-9FDD-ACC1D47556AF}.Release|Any CPU.ActiveCfg = Release|Any CPU
		{7504C3C8-E74C-4BD4-9FDD-ACC1D47556AF}.Release|Any CPU.Build.0 = Release|Any CPU
		{5280BB91-EECE-48C6-9D96-0E1E3CD38906}.Debug|Any CPU.ActiveCfg = Debug|Any CPU
		{5280BB91-EECE-48C6-9D96-0E1E3CD38906}.Debug|Any CPU.Build.0 = Debug|Any CPU
		{5280BB91-EECE-48C6-9D96-0E1E3CD38906}.Release|Any CPU.ActiveCfg = Release|Any CPU
		{5280BB91-EECE-48C6-9D96-0E1E3CD38906}.Release|Any CPU.Build.0 = Release|Any CPU
		{A276E36A-FE35-49D4-B2E4-186D883E5CD1}.Debug|Any CPU.ActiveCfg = Debug|Any CPU
		{A276E36A-FE35-49D4-B2E4-186D883E5CD1}.Debug|Any CPU.Build.0 = Debug|Any CPU
		{A276E36A-FE35-49D4-B2E4-186D883E5CD1}.Release|Any CPU.ActiveCfg = Release|Any CPU
		{A276E36A-FE35-49D4-B2E4-186D883E5CD1}.Release|Any CPU.Build.0 = Release|Any CPU
		{53B72361-FF56-4AE3-9C61-A1AAF7CEE14D}.Debug|Any CPU.ActiveCfg = Debug|Any CPU
		{53B72361-FF56-4AE3-9C61-A1AAF7CEE14D}.Debug|Any CPU.Build.0 = Debug|Any CPU
		{53B72361-FF56-4AE3-9C61-A1AAF7CEE14D}.Release|Any CPU.ActiveCfg = Release|Any CPU
		{53B72361-FF56-4AE3-9C61-A1AAF7CEE14D}.Release|Any CPU.Build.0 = Release|Any CPU
		{BD72CBC5-53E5-4B8D-BF59-8542EC1B43D0}.Debug|Any CPU.ActiveCfg = Debug|Any CPU
		{BD72CBC5-53E5-4B8D-BF59-8542EC1B43D0}.Debug|Any CPU.Build.0 = Debug|Any CPU
		{BD72CBC5-53E5-4B8D-BF59-8542EC1B43D0}.Release|Any CPU.ActiveCfg = Release|Any CPU
		{BD72CBC5-53E5-4B8D-BF59-8542EC1B43D0}.Release|Any CPU.Build.0 = Release|Any CPU
		{3FE6D9DC-0F26-4D1D-9462-EB13094E721D}.Debug|Any CPU.ActiveCfg = Debug|Any CPU
		{3FE6D9DC-0F26-4D1D-9462-EB13094E721D}.Debug|Any CPU.Build.0 = Debug|Any CPU
		{3FE6D9DC-0F26-4D1D-9462-EB13094E721D}.Release|Any CPU.ActiveCfg = Release|Any CPU
		{3FE6D9DC-0F26-4D1D-9462-EB13094E721D}.Release|Any CPU.Build.0 = Release|Any CPU
		{DC0D9115-0057-4F96-AEA9-A7EB02B3610C}.Debug|Any CPU.ActiveCfg = Debug|Any CPU
		{DC0D9115-0057-4F96-AEA9-A7EB02B3610C}.Debug|Any CPU.Build.0 = Debug|Any CPU
		{DC0D9115-0057-4F96-AEA9-A7EB02B3610C}.Release|Any CPU.ActiveCfg = Release|Any CPU
		{DC0D9115-0057-4F96-AEA9-A7EB02B3610C}.Release|Any CPU.Build.0 = Release|Any CPU
		{A3E40B70-04B7-4968-B839-FD6A828D8D2F}.Debug|Any CPU.ActiveCfg = Debug|Any CPU
		{A3E40B70-04B7-4968-B839-FD6A828D8D2F}.Debug|Any CPU.Build.0 = Debug|Any CPU
		{A3E40B70-04B7-4968-B839-FD6A828D8D2F}.Release|Any CPU.ActiveCfg = Release|Any CPU
		{A3E40B70-04B7-4968-B839-FD6A828D8D2F}.Release|Any CPU.Build.0 = Release|Any CPU
		{10DC6F62-D625-499A-95B6-6EF69015945C}.Debug|Any CPU.ActiveCfg = Debug|Any CPU
		{10DC6F62-D625-499A-95B6-6EF69015945C}.Debug|Any CPU.Build.0 = Debug|Any CPU
		{10DC6F62-D625-499A-95B6-6EF69015945C}.Release|Any CPU.ActiveCfg = Release|Any CPU
		{10DC6F62-D625-499A-95B6-6EF69015945C}.Release|Any CPU.Build.0 = Release|Any CPU
		{20C603C4-BFE1-4620-92D9-21F5C4D2D7EC}.Debug|Any CPU.ActiveCfg = Debug|Any CPU
		{20C603C4-BFE1-4620-92D9-21F5C4D2D7EC}.Debug|Any CPU.Build.0 = Debug|Any CPU
		{20C603C4-BFE1-4620-92D9-21F5C4D2D7EC}.Release|Any CPU.ActiveCfg = Release|Any CPU
		{20C603C4-BFE1-4620-92D9-21F5C4D2D7EC}.Release|Any CPU.Build.0 = Release|Any CPU
		{2B42B0E4-50E0-4CB4-8E18-BC97D9E18488}.Debug|Any CPU.ActiveCfg = Debug|Any CPU
		{2B42B0E4-50E0-4CB4-8E18-BC97D9E18488}.Debug|Any CPU.Build.0 = Debug|Any CPU
		{2B42B0E4-50E0-4CB4-8E18-BC97D9E18488}.Release|Any CPU.ActiveCfg = Release|Any CPU
		{2B42B0E4-50E0-4CB4-8E18-BC97D9E18488}.Release|Any CPU.Build.0 = Release|Any CPU
		{330D880E-5118-480A-9C7D-21F85F3087C8}.Debug|Any CPU.ActiveCfg = Debug|Any CPU
		{330D880E-5118-480A-9C7D-21F85F3087C8}.Debug|Any CPU.Build.0 = Debug|Any CPU
		{330D880E-5118-480A-9C7D-21F85F3087C8}.Release|Any CPU.ActiveCfg = Release|Any CPU
		{330D880E-5118-480A-9C7D-21F85F3087C8}.Release|Any CPU.Build.0 = Release|Any CPU
		{9CA98640-0B54-464C-B116-5C8CDC566557}.Debug|Any CPU.ActiveCfg = Debug|Any CPU
		{9CA98640-0B54-464C-B116-5C8CDC566557}.Debug|Any CPU.Build.0 = Debug|Any CPU
		{9CA98640-0B54-464C-B116-5C8CDC566557}.Release|Any CPU.ActiveCfg = Release|Any CPU
		{9CA98640-0B54-464C-B116-5C8CDC566557}.Release|Any CPU.Build.0 = Release|Any CPU
		{3EFF662C-8BFF-4594-9A3B-3CBBFD368D2D}.Debug|Any CPU.ActiveCfg = Debug|Any CPU
		{3EFF662C-8BFF-4594-9A3B-3CBBFD368D2D}.Debug|Any CPU.Build.0 = Debug|Any CPU
		{3EFF662C-8BFF-4594-9A3B-3CBBFD368D2D}.Release|Any CPU.ActiveCfg = Release|Any CPU
		{3EFF662C-8BFF-4594-9A3B-3CBBFD368D2D}.Release|Any CPU.Build.0 = Release|Any CPU
		{2E21580F-62C0-4876-9E07-14DBA9AB0A65}.Debug|Any CPU.ActiveCfg = Debug|Any CPU
		{2E21580F-62C0-4876-9E07-14DBA9AB0A65}.Debug|Any CPU.Build.0 = Debug|Any CPU
		{2E21580F-62C0-4876-9E07-14DBA9AB0A65}.Release|Any CPU.ActiveCfg = Release|Any CPU
		{2E21580F-62C0-4876-9E07-14DBA9AB0A65}.Release|Any CPU.Build.0 = Release|Any CPU
		{F714C7DF-0491-492A-BC5B-105FC869F008}.Debug|Any CPU.ActiveCfg = Debug|Any CPU
		{F714C7DF-0491-492A-BC5B-105FC869F008}.Debug|Any CPU.Build.0 = Debug|Any CPU
		{F714C7DF-0491-492A-BC5B-105FC869F008}.Release|Any CPU.ActiveCfg = Release|Any CPU
		{F714C7DF-0491-492A-BC5B-105FC869F008}.Release|Any CPU.Build.0 = Release|Any CPU
		{0E017503-86ED-4F84-8504-D5859E1CE90F}.Debug|Any CPU.ActiveCfg = Debug|Any CPU
		{0E017503-86ED-4F84-8504-D5859E1CE90F}.Debug|Any CPU.Build.0 = Debug|Any CPU
		{0E017503-86ED-4F84-8504-D5859E1CE90F}.Release|Any CPU.ActiveCfg = Release|Any CPU
		{0E017503-86ED-4F84-8504-D5859E1CE90F}.Release|Any CPU.Build.0 = Release|Any CPU
		{05E5202C-B3B9-4AC6-B29B-16FE4DE33D41}.Debug|Any CPU.ActiveCfg = Debug|Any CPU
		{05E5202C-B3B9-4AC6-B29B-16FE4DE33D41}.Debug|Any CPU.Build.0 = Debug|Any CPU
		{05E5202C-B3B9-4AC6-B29B-16FE4DE33D41}.Release|Any CPU.ActiveCfg = Release|Any CPU
		{05E5202C-B3B9-4AC6-B29B-16FE4DE33D41}.Release|Any CPU.Build.0 = Release|Any CPU
	EndGlobalSection
	GlobalSection(SolutionProperties) = preSolution
		HideSolutionNode = FALSE
	EndGlobalSection
	GlobalSection(NestedProjects) = preSolution
		{3C57DB75-59AB-469C-B17C-36E8E6EFE082} = {676005EA-605A-4644-B9B4-BAE172717E68}
		{7504C3C8-E74C-4BD4-9FDD-ACC1D47556AF} = {676005EA-605A-4644-B9B4-BAE172717E68}
		{5280BB91-EECE-48C6-9D96-0E1E3CD38906} = {676005EA-605A-4644-B9B4-BAE172717E68}
		{A276E36A-FE35-49D4-B2E4-186D883E5CD1} = {676005EA-605A-4644-B9B4-BAE172717E68}
		{53B72361-FF56-4AE3-9C61-A1AAF7CEE14D} = {82D69658-2159-4ABE-AF41-5D83B8FF63D6}
		{BD72CBC5-53E5-4B8D-BF59-8542EC1B43D0} = {82D69658-2159-4ABE-AF41-5D83B8FF63D6}
		{3FE6D9DC-0F26-4D1D-9462-EB13094E721D} = {82D69658-2159-4ABE-AF41-5D83B8FF63D6}
		{DC0D9115-0057-4F96-AEA9-A7EB02B3610C} = {82D69658-2159-4ABE-AF41-5D83B8FF63D6}
		{A3E40B70-04B7-4968-B839-FD6A828D8D2F} = {BD616F73-AE41-47CE-9AD1-319F8DB610AC}
		{10DC6F62-D625-499A-95B6-6EF69015945C} = {B24F8DA2-B9C9-423A-83F8-77DB3169AE4A}
		{20C603C4-BFE1-4620-92D9-21F5C4D2D7EC} = {B24F8DA2-B9C9-423A-83F8-77DB3169AE4A}
		{2B42B0E4-50E0-4CB4-8E18-BC97D9E18488} = {B24F8DA2-B9C9-423A-83F8-77DB3169AE4A}
		{330D880E-5118-480A-9C7D-21F85F3087C8} = {B24F8DA2-B9C9-423A-83F8-77DB3169AE4A}
		{9CA98640-0B54-464C-B116-5C8CDC566557} = {B24F8DA2-B9C9-423A-83F8-77DB3169AE4A}
		{3EFF662C-8BFF-4594-9A3B-3CBBFD368D2D} = {2ED70534-F1AB-4378-83C8-ACA3465D623D}
		{2E21580F-62C0-4876-9E07-14DBA9AB0A65} = {2ED70534-F1AB-4378-83C8-ACA3465D623D}
		{F714C7DF-0491-492A-BC5B-105FC869F008} = {2ED70534-F1AB-4378-83C8-ACA3465D623D}
		{0E017503-86ED-4F84-8504-D5859E1CE90F} = {2ED70534-F1AB-4378-83C8-ACA3465D623D}
		{05E5202C-B3B9-4AC6-B29B-16FE4DE33D41} = {2ED70534-F1AB-4378-83C8-ACA3465D623D}
	EndGlobalSection
	GlobalSection(ExtensibilityGlobals) = postSolution
		SolutionGuid = {DE6EE41A-8D48-4442-A6F7-46D0B0D5B145}
	EndGlobalSection
EndGlobal
